
Microsoft Visual Studio Solution File, Format Version 12.00
# Visual Studio 2013
VisualStudioVersion = 12.0.31101.0
MinimumVisualStudioVersion = 10.0.40219.1
Project("{FAE04EC0-301F-11D3-BF4B-00C04F79EFBC}") = "XamarinFormsOfflineStorage", "XamarinFormsOfflineStorage\XamarinFormsOfflineStorage\XamarinFormsOfflineStorage.csproj", "{C91D9BC2-A16E-4997-840C-8A08F224E776}"
EndProject
Project("{FAE04EC0-301F-11D3-BF4B-00C04F79EFBC}") = "XamarinFormsOfflineStorage.iOS", "XamarinFormsOfflineStorage\XamarinFormsOfflineStorage.iOS\XamarinFormsOfflineStorage.iOS.csproj", "{E3E7460F-B9ED-499D-AF4A-9801FC0A02DC}"
EndProject
Project("{FAE04EC0-301F-11D3-BF4B-00C04F79EFBC}") = "XamarinFormsOfflineStorage.Droid", "XamarinFormsOfflineStorage\XamarinFormsOfflineStorage.Droid\XamarinFormsOfflineStorage.Droid.csproj", "{4FCBD35D-27F6-4542-B643-E3102C31D5B5}"
EndProject
Project("{FAE04EC0-301F-11D3-BF4B-00C04F79EFBC}") = "XamarinFormsOfflineStorage.WinPhone", "XamarinFormsOfflineStorage\XamarinFormsOfflineStorage.WinPhone\XamarinFormsOfflineStorage.WinPhone.csproj", "{DD6F738E-22C3-4249-99D0-FCA46E778839}"
EndProject
Project("{2150E333-8FDC-42A3-9474-1A3956D46DE8}") = "Server", "Server", "{5ED43D66-33E8-4530-A617-B16DB871BDD3}"
EndProject
Project("{FAE04EC0-301F-11D3-BF4B-00C04F79EFBC}") = "OfflineStorageServer", "XamarinFormsOfflineStorage\Server\OfflineStorageServer\OfflineStorageServer.csproj", "{5159BE39-6083-4F3D-A504-AC2907EDDEDB}"
EndProject
Project("{2150E333-8FDC-42A3-9474-1A3956D46DE8}") = "PublishScripts", "PublishScripts", "{76D50CCE-CCDB-4F14-A889-7E714B6B4CFC}"
	ProjectSection(SolutionItems) = preProject
		PublishScripts\AzureWebsitePublishModule.psm1 = PublishScripts\AzureWebsitePublishModule.psm1
		PublishScripts\Publish-WebApplicationWebsite.ps1 = PublishScripts\Publish-WebApplicationWebsite.ps1
	EndProjectSection
EndProject
Project("{2150E333-8FDC-42A3-9474-1A3956D46DE8}") = "Configurations", "Configurations", "{A10C019B-DEF4-4687-BCF2-8FA18120E6DF}"
	ProjectSection(SolutionItems) = preProject
		PublishScripts\Configurations\OfflineStorageServer-WAWS-dev.json = PublishScripts\Configurations\OfflineStorageServer-WAWS-dev.json
	EndProjectSection
EndProject
Global
	GlobalSection(SolutionConfigurationPlatforms) = preSolution
		Ad-Hoc|Any CPU = Ad-Hoc|Any CPU
		Ad-Hoc|ARM = Ad-Hoc|ARM
		Ad-Hoc|iPhone = Ad-Hoc|iPhone
		Ad-Hoc|iPhoneSimulator = Ad-Hoc|iPhoneSimulator
		Ad-Hoc|Mixed Platforms = Ad-Hoc|Mixed Platforms
		Ad-Hoc|x86 = Ad-Hoc|x86
		AppStore|Any CPU = AppStore|Any CPU
		AppStore|ARM = AppStore|ARM
		AppStore|iPhone = AppStore|iPhone
		AppStore|iPhoneSimulator = AppStore|iPhoneSimulator
		AppStore|Mixed Platforms = AppStore|Mixed Platforms
		AppStore|x86 = AppStore|x86
		Debug|Any CPU = Debug|Any CPU
		Debug|ARM = Debug|ARM
		Debug|iPhone = Debug|iPhone
		Debug|iPhoneSimulator = Debug|iPhoneSimulator
		Debug|Mixed Platforms = Debug|Mixed Platforms
		Debug|x86 = Debug|x86
		Release|Any CPU = Release|Any CPU
		Release|ARM = Release|ARM
		Release|iPhone = Release|iPhone
		Release|iPhoneSimulator = Release|iPhoneSimulator
		Release|Mixed Platforms = Release|Mixed Platforms
		Release|x86 = Release|x86
	EndGlobalSection
	GlobalSection(ProjectConfigurationPlatforms) = postSolution
		{C91D9BC2-A16E-4997-840C-8A08F224E776}.Ad-Hoc|Any CPU.ActiveCfg = Release|Any CPU
		{C91D9BC2-A16E-4997-840C-8A08F224E776}.Ad-Hoc|Any CPU.Build.0 = Release|Any CPU
		{C91D9BC2-A16E-4997-840C-8A08F224E776}.Ad-Hoc|ARM.ActiveCfg = Release|Any CPU
		{C91D9BC2-A16E-4997-840C-8A08F224E776}.Ad-Hoc|iPhone.ActiveCfg = Release|Any CPU
		{C91D9BC2-A16E-4997-840C-8A08F224E776}.Ad-Hoc|iPhoneSimulator.ActiveCfg = Release|Any CPU
		{C91D9BC2-A16E-4997-840C-8A08F224E776}.Ad-Hoc|Mixed Platforms.ActiveCfg = Release|Any CPU
		{C91D9BC2-A16E-4997-840C-8A08F224E776}.Ad-Hoc|Mixed Platforms.Build.0 = Release|Any CPU
		{C91D9BC2-A16E-4997-840C-8A08F224E776}.Ad-Hoc|x86.ActiveCfg = Release|Any CPU
		{C91D9BC2-A16E-4997-840C-8A08F224E776}.AppStore|Any CPU.ActiveCfg = Release|Any CPU
		{C91D9BC2-A16E-4997-840C-8A08F224E776}.AppStore|Any CPU.Build.0 = Release|Any CPU
		{C91D9BC2-A16E-4997-840C-8A08F224E776}.AppStore|ARM.ActiveCfg = Release|Any CPU
		{C91D9BC2-A16E-4997-840C-8A08F224E776}.AppStore|iPhone.ActiveCfg = Release|Any CPU
		{C91D9BC2-A16E-4997-840C-8A08F224E776}.AppStore|iPhoneSimulator.ActiveCfg = Release|Any CPU
		{C91D9BC2-A16E-4997-840C-8A08F224E776}.AppStore|Mixed Platforms.ActiveCfg = Release|Any CPU
		{C91D9BC2-A16E-4997-840C-8A08F224E776}.AppStore|Mixed Platforms.Build.0 = Release|Any CPU
		{C91D9BC2-A16E-4997-840C-8A08F224E776}.AppStore|x86.ActiveCfg = Release|Any CPU
		{C91D9BC2-A16E-4997-840C-8A08F224E776}.Debug|Any CPU.ActiveCfg = Debug|Any CPU
		{C91D9BC2-A16E-4997-840C-8A08F224E776}.Debug|Any CPU.Build.0 = Debug|Any CPU
		{C91D9BC2-A16E-4997-840C-8A08F224E776}.Debug|ARM.ActiveCfg = Debug|Any CPU
		{C91D9BC2-A16E-4997-840C-8A08F224E776}.Debug|iPhone.ActiveCfg = Debug|Any CPU
		{C91D9BC2-A16E-4997-840C-8A08F224E776}.Debug|iPhoneSimulator.ActiveCfg = Debug|Any CPU
		{C91D9BC2-A16E-4997-840C-8A08F224E776}.Debug|Mixed Platforms.ActiveCfg = Debug|Any CPU
		{C91D9BC2-A16E-4997-840C-8A08F224E776}.Debug|Mixed Platforms.Build.0 = Debug|Any CPU
		{C91D9BC2-A16E-4997-840C-8A08F224E776}.Debug|x86.ActiveCfg = Debug|Any CPU
		{C91D9BC2-A16E-4997-840C-8A08F224E776}.Release|Any CPU.ActiveCfg = Release|Any CPU
		{C91D9BC2-A16E-4997-840C-8A08F224E776}.Release|Any CPU.Build.0 = Release|Any CPU
		{C91D9BC2-A16E-4997-840C-8A08F224E776}.Release|ARM.ActiveCfg = Release|Any CPU
		{C91D9BC2-A16E-4997-840C-8A08F224E776}.Release|iPhone.ActiveCfg = Release|Any CPU
		{C91D9BC2-A16E-4997-840C-8A08F224E776}.Release|iPhoneSimulator.ActiveCfg = Release|Any CPU
		{C91D9BC2-A16E-4997-840C-8A08F224E776}.Release|Mixed Platforms.ActiveCfg = Release|Any CPU
		{C91D9BC2-A16E-4997-840C-8A08F224E776}.Release|Mixed Platforms.Build.0 = Release|Any CPU
		{C91D9BC2-A16E-4997-840C-8A08F224E776}.Release|x86.ActiveCfg = Release|Any CPU
		{E3E7460F-B9ED-499D-AF4A-9801FC0A02DC}.Ad-Hoc|Any CPU.ActiveCfg = Ad-Hoc|iPhone
		{E3E7460F-B9ED-499D-AF4A-9801FC0A02DC}.Ad-Hoc|ARM.ActiveCfg = Ad-Hoc|iPhone
		{E3E7460F-B9ED-499D-AF4A-9801FC0A02DC}.Ad-Hoc|iPhone.ActiveCfg = Ad-Hoc|iPhone
		{E3E7460F-B9ED-499D-AF4A-9801FC0A02DC}.Ad-Hoc|iPhone.Build.0 = Ad-Hoc|iPhone
		{E3E7460F-B9ED-499D-AF4A-9801FC0A02DC}.Ad-Hoc|iPhoneSimulator.ActiveCfg = Ad-Hoc|iPhoneSimulator
		{E3E7460F-B9ED-499D-AF4A-9801FC0A02DC}.Ad-Hoc|iPhoneSimulator.Build.0 = Ad-Hoc|iPhoneSimulator
		{E3E7460F-B9ED-499D-AF4A-9801FC0A02DC}.Ad-Hoc|Mixed Platforms.ActiveCfg = Ad-Hoc|iPhone
		{E3E7460F-B9ED-499D-AF4A-9801FC0A02DC}.Ad-Hoc|Mixed Platforms.Build.0 = Ad-Hoc|iPhone
		{E3E7460F-B9ED-499D-AF4A-9801FC0A02DC}.Ad-Hoc|x86.ActiveCfg = Ad-Hoc|iPhone
		{E3E7460F-B9ED-499D-AF4A-9801FC0A02DC}.AppStore|Any CPU.ActiveCfg = AppStore|iPhone
		{E3E7460F-B9ED-499D-AF4A-9801FC0A02DC}.AppStore|ARM.ActiveCfg = AppStore|iPhone
		{E3E7460F-B9ED-499D-AF4A-9801FC0A02DC}.AppStore|iPhone.ActiveCfg = AppStore|iPhone
		{E3E7460F-B9ED-499D-AF4A-9801FC0A02DC}.AppStore|iPhone.Build.0 = AppStore|iPhone
		{E3E7460F-B9ED-499D-AF4A-9801FC0A02DC}.AppStore|iPhoneSimulator.ActiveCfg = AppStore|iPhoneSimulator
		{E3E7460F-B9ED-499D-AF4A-9801FC0A02DC}.AppStore|iPhoneSimulator.Build.0 = AppStore|iPhoneSimulator
		{E3E7460F-B9ED-499D-AF4A-9801FC0A02DC}.AppStore|Mixed Platforms.ActiveCfg = AppStore|iPhone
		{E3E7460F-B9ED-499D-AF4A-9801FC0A02DC}.AppStore|Mixed Platforms.Build.0 = AppStore|iPhone
		{E3E7460F-B9ED-499D-AF4A-9801FC0A02DC}.AppStore|x86.ActiveCfg = AppStore|iPhone
		{E3E7460F-B9ED-499D-AF4A-9801FC0A02DC}.Debug|Any CPU.ActiveCfg = Debug|iPhone
		{E3E7460F-B9ED-499D-AF4A-9801FC0A02DC}.Debug|ARM.ActiveCfg = Debug|iPhone
		{E3E7460F-B9ED-499D-AF4A-9801FC0A02DC}.Debug|iPhone.ActiveCfg = Debug|iPhone
		{E3E7460F-B9ED-499D-AF4A-9801FC0A02DC}.Debug|iPhone.Build.0 = Debug|iPhone
		{E3E7460F-B9ED-499D-AF4A-9801FC0A02DC}.Debug|iPhoneSimulator.ActiveCfg = Debug|iPhoneSimulator
		{E3E7460F-B9ED-499D-AF4A-9801FC0A02DC}.Debug|iPhoneSimulator.Build.0 = Debug|iPhoneSimulator
		{E3E7460F-B9ED-499D-AF4A-9801FC0A02DC}.Debug|Mixed Platforms.ActiveCfg = Debug|iPhone
		{E3E7460F-B9ED-499D-AF4A-9801FC0A02DC}.Debug|Mixed Platforms.Build.0 = Debug|iPhone
		{E3E7460F-B9ED-499D-AF4A-9801FC0A02DC}.Debug|x86.ActiveCfg = Debug|iPhone
		{E3E7460F-B9ED-499D-AF4A-9801FC0A02DC}.Release|Any CPU.ActiveCfg = Release|iPhone
		{E3E7460F-B9ED-499D-AF4A-9801FC0A02DC}.Release|ARM.ActiveCfg = Release|iPhone
		{E3E7460F-B9ED-499D-AF4A-9801FC0A02DC}.Release|iPhone.ActiveCfg = Release|iPhone
		{E3E7460F-B9ED-499D-AF4A-9801FC0A02DC}.Release|iPhone.Build.0 = Release|iPhone
		{E3E7460F-B9ED-499D-AF4A-9801FC0A02DC}.Release|iPhoneSimulator.ActiveCfg = Release|iPhoneSimulator
		{E3E7460F-B9ED-499D-AF4A-9801FC0A02DC}.Release|iPhoneSimulator.Build.0 = Release|iPhoneSimulator
		{E3E7460F-B9ED-499D-AF4A-9801FC0A02DC}.Release|Mixed Platforms.ActiveCfg = Release|iPhone
		{E3E7460F-B9ED-499D-AF4A-9801FC0A02DC}.Release|Mixed Platforms.Build.0 = Release|iPhone
		{E3E7460F-B9ED-499D-AF4A-9801FC0A02DC}.Release|x86.ActiveCfg = Release|iPhone
		{4FCBD35D-27F6-4542-B643-E3102C31D5B5}.Ad-Hoc|Any CPU.ActiveCfg = Release|Any CPU
		{4FCBD35D-27F6-4542-B643-E3102C31D5B5}.Ad-Hoc|Any CPU.Build.0 = Release|Any CPU
		{4FCBD35D-27F6-4542-B643-E3102C31D5B5}.Ad-Hoc|Any CPU.Deploy.0 = Release|Any CPU
		{4FCBD35D-27F6-4542-B643-E3102C31D5B5}.Ad-Hoc|ARM.ActiveCfg = Release|Any CPU
		{4FCBD35D-27F6-4542-B643-E3102C31D5B5}.Ad-Hoc|iPhone.ActiveCfg = Release|Any CPU
		{4FCBD35D-27F6-4542-B643-E3102C31D5B5}.Ad-Hoc|iPhoneSimulator.ActiveCfg = Release|Any CPU
		{4FCBD35D-27F6-4542-B643-E3102C31D5B5}.Ad-Hoc|Mixed Platforms.ActiveCfg = Release|Any CPU
		{4FCBD35D-27F6-4542-B643-E3102C31D5B5}.Ad-Hoc|Mixed Platforms.Build.0 = Release|Any CPU
		{4FCBD35D-27F6-4542-B643-E3102C31D5B5}.Ad-Hoc|Mixed Platforms.Deploy.0 = Release|Any CPU
		{4FCBD35D-27F6-4542-B643-E3102C31D5B5}.Ad-Hoc|x86.ActiveCfg = Release|Any CPU
		{4FCBD35D-27F6-4542-B643-E3102C31D5B5}.AppStore|Any CPU.ActiveCfg = Release|Any CPU
		{4FCBD35D-27F6-4542-B643-E3102C31D5B5}.AppStore|Any CPU.Build.0 = Release|Any CPU
		{4FCBD35D-27F6-4542-B643-E3102C31D5B5}.AppStore|Any CPU.Deploy.0 = Release|Any CPU
		{4FCBD35D-27F6-4542-B643-E3102C31D5B5}.AppStore|ARM.ActiveCfg = Release|Any CPU
		{4FCBD35D-27F6-4542-B643-E3102C31D5B5}.AppStore|iPhone.ActiveCfg = Release|Any CPU
		{4FCBD35D-27F6-4542-B643-E3102C31D5B5}.AppStore|iPhoneSimulator.ActiveCfg = Release|Any CPU
		{4FCBD35D-27F6-4542-B643-E3102C31D5B5}.AppStore|Mixed Platforms.ActiveCfg = Release|Any CPU
		{4FCBD35D-27F6-4542-B643-E3102C31D5B5}.AppStore|Mixed Platforms.Build.0 = Release|Any CPU
		{4FCBD35D-27F6-4542-B643-E3102C31D5B5}.AppStore|Mixed Platforms.Deploy.0 = Release|Any CPU
		{4FCBD35D-27F6-4542-B643-E3102C31D5B5}.AppStore|x86.ActiveCfg = Release|Any CPU
		{4FCBD35D-27F6-4542-B643-E3102C31D5B5}.Debug|Any CPU.ActiveCfg = Debug|Any CPU
		{4FCBD35D-27F6-4542-B643-E3102C31D5B5}.Debug|Any CPU.Build.0 = Debug|Any CPU
		{4FCBD35D-27F6-4542-B643-E3102C31D5B5}.Debug|Any CPU.Deploy.0 = Debug|Any CPU
		{4FCBD35D-27F6-4542-B643-E3102C31D5B5}.Debug|ARM.ActiveCfg = Debug|Any CPU
		{4FCBD35D-27F6-4542-B643-E3102C31D5B5}.Debug|iPhone.ActiveCfg = Debug|Any CPU
		{4FCBD35D-27F6-4542-B643-E3102C31D5B5}.Debug|iPhoneSimulator.ActiveCfg = Debug|Any CPU
		{4FCBD35D-27F6-4542-B643-E3102C31D5B5}.Debug|Mixed Platforms.ActiveCfg = Debug|Any CPU
		{4FCBD35D-27F6-4542-B643-E3102C31D5B5}.Debug|Mixed Platforms.Build.0 = Debug|Any CPU
		{4FCBD35D-27F6-4542-B643-E3102C31D5B5}.Debug|Mixed Platforms.Deploy.0 = Debug|Any CPU
		{4FCBD35D-27F6-4542-B643-E3102C31D5B5}.Debug|x86.ActiveCfg = Debug|Any CPU
		{4FCBD35D-27F6-4542-B643-E3102C31D5B5}.Release|Any CPU.ActiveCfg = Release|Any CPU
		{4FCBD35D-27F6-4542-B643-E3102C31D5B5}.Release|Any CPU.Build.0 = Release|Any CPU
		{4FCBD35D-27F6-4542-B643-E3102C31D5B5}.Release|Any CPU.Deploy.0 = Release|Any CPU
		{4FCBD35D-27F6-4542-B643-E3102C31D5B5}.Release|ARM.ActiveCfg = Release|Any CPU
		{4FCBD35D-27F6-4542-B643-E3102C31D5B5}.Release|iPhone.ActiveCfg = Release|Any CPU
		{4FCBD35D-27F6-4542-B643-E3102C31D5B5}.Release|iPhoneSimulator.ActiveCfg = Release|Any CPU
		{4FCBD35D-27F6-4542-B643-E3102C31D5B5}.Release|Mixed Platforms.ActiveCfg = Release|Any CPU
		{4FCBD35D-27F6-4542-B643-E3102C31D5B5}.Release|Mixed Platforms.Build.0 = Release|Any CPU
		{4FCBD35D-27F6-4542-B643-E3102C31D5B5}.Release|Mixed Platforms.Deploy.0 = Release|Any CPU
		{4FCBD35D-27F6-4542-B643-E3102C31D5B5}.Release|x86.ActiveCfg = Release|Any CPU
		{DD6F738E-22C3-4249-99D0-FCA46E778839}.Ad-Hoc|Any CPU.ActiveCfg = Release|Any CPU
		{DD6F738E-22C3-4249-99D0-FCA46E778839}.Ad-Hoc|Any CPU.Build.0 = Release|Any CPU
		{DD6F738E-22C3-4249-99D0-FCA46E778839}.Ad-Hoc|Any CPU.Deploy.0 = Release|Any CPU
		{DD6F738E-22C3-4249-99D0-FCA46E778839}.Ad-Hoc|ARM.ActiveCfg = Release|ARM
		{DD6F738E-22C3-4249-99D0-FCA46E778839}.Ad-Hoc|ARM.Build.0 = Release|ARM
		{DD6F738E-22C3-4249-99D0-FCA46E778839}.Ad-Hoc|ARM.Deploy.0 = Release|ARM
		{DD6F738E-22C3-4249-99D0-FCA46E778839}.Ad-Hoc|iPhone.ActiveCfg = Release|Any CPU
		{DD6F738E-22C3-4249-99D0-FCA46E778839}.Ad-Hoc|iPhoneSimulator.ActiveCfg = Release|Any CPU
		{DD6F738E-22C3-4249-99D0-FCA46E778839}.Ad-Hoc|Mixed Platforms.ActiveCfg = Release|x86
		{DD6F738E-22C3-4249-99D0-FCA46E778839}.Ad-Hoc|Mixed Platforms.Build.0 = Release|x86
		{DD6F738E-22C3-4249-99D0-FCA46E778839}.Ad-Hoc|Mixed Platforms.Deploy.0 = Release|x86
		{DD6F738E-22C3-4249-99D0-FCA46E778839}.Ad-Hoc|x86.ActiveCfg = Release|x86
		{DD6F738E-22C3-4249-99D0-FCA46E778839}.Ad-Hoc|x86.Build.0 = Release|x86
		{DD6F738E-22C3-4249-99D0-FCA46E778839}.Ad-Hoc|x86.Deploy.0 = Release|x86
		{DD6F738E-22C3-4249-99D0-FCA46E778839}.AppStore|Any CPU.ActiveCfg = Release|Any CPU
		{DD6F738E-22C3-4249-99D0-FCA46E778839}.AppStore|Any CPU.Build.0 = Release|Any CPU
		{DD6F738E-22C3-4249-99D0-FCA46E778839}.AppStore|Any CPU.Deploy.0 = Release|Any CPU
		{DD6F738E-22C3-4249-99D0-FCA46E778839}.AppStore|ARM.ActiveCfg = Release|ARM
		{DD6F738E-22C3-4249-99D0-FCA46E778839}.AppStore|ARM.Build.0 = Release|ARM
		{DD6F738E-22C3-4249-99D0-FCA46E778839}.AppStore|ARM.Deploy.0 = Release|ARM
		{DD6F738E-22C3-4249-99D0-FCA46E778839}.AppStore|iPhone.ActiveCfg = Release|Any CPU
		{DD6F738E-22C3-4249-99D0-FCA46E778839}.AppStore|iPhoneSimulator.ActiveCfg = Release|Any CPU
		{DD6F738E-22C3-4249-99D0-FCA46E778839}.AppStore|Mixed Platforms.ActiveCfg = Release|x86
		{DD6F738E-22C3-4249-99D0-FCA46E778839}.AppStore|Mixed Platforms.Build.0 = Release|x86
		{DD6F738E-22C3-4249-99D0-FCA46E778839}.AppStore|Mixed Platforms.Deploy.0 = Release|x86
		{DD6F738E-22C3-4249-99D0-FCA46E778839}.AppStore|x86.ActiveCfg = Release|x86
		{DD6F738E-22C3-4249-99D0-FCA46E778839}.AppStore|x86.Build.0 = Release|x86
		{DD6F738E-22C3-4249-99D0-FCA46E778839}.AppStore|x86.Deploy.0 = Release|x86
		{DD6F738E-22C3-4249-99D0-FCA46E778839}.Debug|Any CPU.ActiveCfg = Debug|Any CPU
		{DD6F738E-22C3-4249-99D0-FCA46E778839}.Debug|Any CPU.Build.0 = Debug|Any CPU
		{DD6F738E-22C3-4249-99D0-FCA46E778839}.Debug|Any CPU.Deploy.0 = Debug|Any CPU
		{DD6F738E-22C3-4249-99D0-FCA46E778839}.Debug|ARM.ActiveCfg = Debug|ARM
		{DD6F738E-22C3-4249-99D0-FCA46E778839}.Debug|ARM.Build.0 = Debug|ARM
		{DD6F738E-22C3-4249-99D0-FCA46E778839}.Debug|ARM.Deploy.0 = Debug|ARM
		{DD6F738E-22C3-4249-99D0-FCA46E778839}.Debug|iPhone.ActiveCfg = Debug|Any CPU
		{DD6F738E-22C3-4249-99D0-FCA46E778839}.Debug|iPhoneSimulator.ActiveCfg = Debug|Any CPU
		{DD6F738E-22C3-4249-99D0-FCA46E778839}.Debug|Mixed Platforms.ActiveCfg = Debug|x86
		{DD6F738E-22C3-4249-99D0-FCA46E778839}.Debug|Mixed Platforms.Build.0 = Debug|x86
		{DD6F738E-22C3-4249-99D0-FCA46E778839}.Debug|Mixed Platforms.Deploy.0 = Debug|x86
		{DD6F738E-22C3-4249-99D0-FCA46E778839}.Debug|x86.ActiveCfg = Debug|x86
		{DD6F738E-22C3-4249-99D0-FCA46E778839}.Debug|x86.Build.0 = Debug|x86
		{DD6F738E-22C3-4249-99D0-FCA46E778839}.Debug|x86.Deploy.0 = Debug|x86
		{DD6F738E-22C3-4249-99D0-FCA46E778839}.Release|Any CPU.ActiveCfg = Release|Any CPU
		{DD6F738E-22C3-4249-99D0-FCA46E778839}.Release|Any CPU.Build.0 = Release|Any CPU
		{DD6F738E-22C3-4249-99D0-FCA46E778839}.Release|Any CPU.Deploy.0 = Release|Any CPU
		{DD6F738E-22C3-4249-99D0-FCA46E778839}.Release|ARM.ActiveCfg = Release|ARM
		{DD6F738E-22C3-4249-99D0-FCA46E778839}.Release|ARM.Build.0 = Release|ARM
		{DD6F738E-22C3-4249-99D0-FCA46E778839}.Release|ARM.Deploy.0 = Release|ARM
		{DD6F738E-22C3-4249-99D0-FCA46E778839}.Release|iPhone.ActiveCfg = Release|Any CPU
		{DD6F738E-22C3-4249-99D0-FCA46E778839}.Release|iPhoneSimulator.ActiveCfg = Release|Any CPU
		{DD6F738E-22C3-4249-99D0-FCA46E778839}.Release|Mixed Platforms.ActiveCfg = Release|x86
		{DD6F738E-22C3-4249-99D0-FCA46E778839}.Release|Mixed Platforms.Build.0 = Release|x86
		{DD6F738E-22C3-4249-99D0-FCA46E778839}.Release|Mixed Platforms.Deploy.0 = Release|x86
		{DD6F738E-22C3-4249-99D0-FCA46E778839}.Release|x86.ActiveCfg = Release|x86
		{DD6F738E-22C3-4249-99D0-FCA46E778839}.Release|x86.Build.0 = Release|x86
		{DD6F738E-22C3-4249-99D0-FCA46E778839}.Release|x86.Deploy.0 = Release|x86
		{5159BE39-6083-4F3D-A504-AC2907EDDEDB}.Ad-Hoc|Any CPU.ActiveCfg = Release|Any CPU
		{5159BE39-6083-4F3D-A504-AC2907EDDEDB}.Ad-Hoc|Any CPU.Build.0 = Release|Any CPU
		{5159BE39-6083-4F3D-A504-AC2907EDDEDB}.Ad-Hoc|ARM.ActiveCfg = Release|Any CPU
		{5159BE39-6083-4F3D-A504-AC2907EDDEDB}.Ad-Hoc|iPhone.ActiveCfg = Release|Any CPU
		{5159BE39-6083-4F3D-A504-AC2907EDDEDB}.Ad-Hoc|iPhoneSimulator.ActiveCfg = Release|Any CPU
		{5159BE39-6083-4F3D-A504-AC2907EDDEDB}.Ad-Hoc|Mixed Platforms.ActiveCfg = Release|Any CPU
		{5159BE39-6083-4F3D-A504-AC2907EDDEDB}.Ad-Hoc|Mixed Platforms.Build.0 = Release|Any CPU
		{5159BE39-6083-4F3D-A504-AC2907EDDEDB}.Ad-Hoc|x86.ActiveCfg = Release|Any CPU
		{5159BE39-6083-4F3D-A504-AC2907EDDEDB}.AppStore|Any CPU.ActiveCfg = Release|Any CPU
		{5159BE39-6083-4F3D-A504-AC2907EDDEDB}.AppStore|Any CPU.Build.0 = Release|Any CPU
		{5159BE39-6083-4F3D-A504-AC2907EDDEDB}.AppStore|ARM.ActiveCfg = Release|Any CPU
		{5159BE39-6083-4F3D-A504-AC2907EDDEDB}.AppStore|iPhone.ActiveCfg = Release|Any CPU
		{5159BE39-6083-4F3D-A504-AC2907EDDEDB}.AppStore|iPhoneSimulator.ActiveCfg = Release|Any CPU
		{5159BE39-6083-4F3D-A504-AC2907EDDEDB}.AppStore|Mixed Platforms.ActiveCfg = Release|Any CPU
		{5159BE39-6083-4F3D-A504-AC2907EDDEDB}.AppStore|Mixed Platforms.Build.0 = Release|Any CPU
		{5159BE39-6083-4F3D-A504-AC2907EDDEDB}.AppStore|x86.ActiveCfg = Release|Any CPU
		{5159BE39-6083-4F3D-A504-AC2907EDDEDB}.Debug|Any CPU.ActiveCfg = Debug|Any CPU
		{5159BE39-6083-4F3D-A504-AC2907EDDEDB}.Debug|Any CPU.Build.0 = Debug|Any CPU
		{5159BE39-6083-4F3D-A504-AC2907EDDEDB}.Debug|ARM.ActiveCfg = Debug|Any CPU
		{5159BE39-6083-4F3D-A504-AC2907EDDEDB}.Debug|iPhone.ActiveCfg = Debug|Any CPU
		{5159BE39-6083-4F3D-A504-AC2907EDDEDB}.Debug|iPhoneSimulator.ActiveCfg = Debug|Any CPU
		{5159BE39-6083-4F3D-A504-AC2907EDDEDB}.Debug|Mixed Platforms.ActiveCfg = Debug|Any CPU
		{5159BE39-6083-4F3D-A504-AC2907EDDEDB}.Debug|Mixed Platforms.Build.0 = Debug|Any CPU
		{5159BE39-6083-4F3D-A504-AC2907EDDEDB}.Debug|x86.ActiveCfg = Debug|Any CPU
		{5159BE39-6083-4F3D-A504-AC2907EDDEDB}.Release|Any CPU.ActiveCfg = Release|Any CPU
		{5159BE39-6083-4F3D-A504-AC2907EDDEDB}.Release|Any CPU.Build.0 = Release|Any CPU
		{5159BE39-6083-4F3D-A504-AC2907EDDEDB}.Release|ARM.ActiveCfg = Release|Any CPU
		{5159BE39-6083-4F3D-A504-AC2907EDDEDB}.Release|iPhone.ActiveCfg = Release|Any CPU
		{5159BE39-6083-4F3D-A504-AC2907EDDEDB}.Release|iPhoneSimulator.ActiveCfg = Release|Any CPU
		{5159BE39-6083-4F3D-A504-AC2907EDDEDB}.Release|Mixed Platforms.ActiveCfg = Release|Any CPU
		{5159BE39-6083-4F3D-A504-AC2907EDDEDB}.Release|Mixed Platforms.Build.0 = Release|Any CPU
		{5159BE39-6083-4F3D-A504-AC2907EDDEDB}.Release|x86.ActiveCfg = Release|Any CPU
	EndGlobalSection
	GlobalSection(SolutionProperties) = preSolution
		HideSolutionNode = FALSE
	EndGlobalSection
	GlobalSection(NestedProjects) = preSolution
		{5159BE39-6083-4F3D-A504-AC2907EDDEDB} = {5ED43D66-33E8-4530-A617-B16DB871BDD3}
		{A10C019B-DEF4-4687-BCF2-8FA18120E6DF} = {76D50CCE-CCDB-4F14-A889-7E714B6B4CFC}
	EndGlobalSection
EndGlobal
